
Microsoft Visual Studio Solution File, Format Version 10.00
# Visual Studio 2008
Project("{8BC9CEB8-8B4A-11D0-8D11-00A0C91BC942}") = "eegsmt", "eegsmt.vcproj", "{639265BE-BE6C-4FD1-9B20-B83CFC78BF4D}"
EndProject
Global
	GlobalSection(SolutionConfigurationPlatforms) = preSolution
		win32 Debug|Win32 = win32 Debug|Win32
		win32 Release|Win32 = win32 Release|Win32
	EndGlobalSection
	GlobalSection(ProjectConfigurationPlatforms) = postSolution
		{639265BE-BE6C-4FD1-9B20-B83CFC78BF4D}.win32 Debug|Win32.ActiveCfg = win32 Debug|Win32
		{639265BE-BE6C-4FD1-9B20-B83CFC78BF4D}.win32 Debug|Win32.Build.0 = win32 Debug|Win32
		{639265BE-BE6C-4FD1-9B20-B83CFC78BF4D}.win32 Release|Win32.ActiveCfg = win32 Release|Win32
		{639265BE-BE6C-4FD1-9B20-B83CFC78BF4D}.win32 Release|Win32.Build.0 = win32 Release|Win32
	EndGlobalSection
	GlobalSection(SolutionProperties) = preSolution
		HideSolutionNode = FALSE
	EndGlobalSection
EndGlobal
